
Microsoft Visual Studio Solution File, Format Version 12.00
# Visual Studio 15
VisualStudioVersion = 15.0.28307.329
MinimumVisualStudioVersion = 10.0.40219.1
Project("{FAE04EC0-301F-11D3-BF4B-00C04F79EFBC}") = "DigitPrint", "DigitPrint\DigitPrint.csproj", "{16E2E412-392E-44E6-AEA7-36CDDFD923A0}"
EndProject
Global
	GlobalSection(SolutionConfigurationPlatforms) = preSolution
		Debug|Any CPU = Debug|Any CPU
		Release|Any CPU = Release|Any CPU
	EndGlobalSection
	GlobalSection(ProjectConfigurationPlatforms) = postSolution
		{16E2E412-392E-44E6-AEA7-36CDDFD923A0}.Debug|Any CPU.ActiveCfg = Debug|Any CPU
		{16E2E412-392E-44E6-AEA7-36CDDFD923A0}.Debug|Any CPU.Build.0 = Debug|Any CPU
		{16E2E412-392E-44E6-AEA7-36CDDFD923A0}.Release|Any CPU.ActiveCfg = Release|Any CPU
		{16E2E412-392E-44E6-AEA7-36CDDFD923A0}.Release|Any CPU.Build.0 = Release|Any CPU
	EndGlobalSection
	GlobalSection(SolutionProperties) = preSolution
		HideSolutionNode = FALSE
	EndGlobalSection
	GlobalSection(ExtensibilityGlobals) = postSolution
		SolutionGuid = {83AD576D-7ED4-4242-941E-F21EF769052A}
	EndGlobalSection
EndGlobal
